// !$*UTF8*$!
{
	archiveVersion = 1;
	classes = {
	};
	objectVersion = 50;
	objects = {

/* Begin PBXBuildFile section */
		092B2EAA746E6140610A1CB5 /* Pods_TheMartianTimes.framework in Frameworks */ = {isa = PBXBuildFile; fileRef = 4E8332AAEB99E1F546CFE477 /* Pods_TheMartianTimes.framework */; };
		810560E82389AC8D00D84424 /* GradientView.swift in Sources */ = {isa = PBXBuildFile; fileRef = 810560E72389AC8D00D84424 /* GradientView.swift */; };
		810560EB2389AD2400D84424 /* UIColor+HexConverter+cgColor.swift in Sources */ = {isa = PBXBuildFile; fileRef = 810560EA2389AD2400D84424 /* UIColor+HexConverter+cgColor.swift */; };
		810560ED2389BDB100D84424 /* ArticleCell.swift in Sources */ = {isa = PBXBuildFile; fileRef = 810560EC2389BDB100D84424 /* ArticleCell.swift */; };
		810560F0238A23AD00D84424 /* ArticleCellViewModel.swift in Sources */ = {isa = PBXBuildFile; fileRef = 810560EF238A23AD00D84424 /* ArticleCellViewModel.swift */; };
		810560F4238A25C800D84424 /* ArticleModel.swift in Sources */ = {isa = PBXBuildFile; fileRef = 810560F3238A25C800D84424 /* ArticleModel.swift */; };
		810560F6238A4C1600D84424 /* ListVCViewModel.swift in Sources */ = {isa = PBXBuildFile; fileRef = 810560F5238A4C1600D84424 /* ListVCViewModel.swift */; };
		810D09C5238B913000F4B6BD /* ArticleViewController.swift in Sources */ = {isa = PBXBuildFile; fileRef = 810D09C4238B913000F4B6BD /* ArticleViewController.swift */; };
		810D09C7238B93B500F4B6BD /* ArticleVCViewModel.swift in Sources */ = {isa = PBXBuildFile; fileRef = 810D09C6238B93B500F4B6BD /* ArticleVCViewModel.swift */; };
		810D09CC238C472E00F4B6BD /* ArticleView.swift in Sources */ = {isa = PBXBuildFile; fileRef = 810D09CB238C472E00F4B6BD /* ArticleView.swift */; };
		810D09CE238C870300F4B6BD /* FormattedArticle.swift in Sources */ = {isa = PBXBuildFile; fileRef = 810D09CD238C870300F4B6BD /* FormattedArticle.swift */; };
		810D09D123961A7500F4B6BD /* Article+FormattedArticle.swift in Sources */ = {isa = PBXBuildFile; fileRef = 810D09D023961A7500F4B6BD /* Article+FormattedArticle.swift */; };
		810D09D4239A036F00F4B6BD /* ImageCache.swift in Sources */ = {isa = PBXBuildFile; fileRef = 810D09D3239A036F00F4B6BD /* ImageCache.swift */; };
		810D09D7239ADAEC00F4B6BD /* Translator.swift in Sources */ = {isa = PBXBuildFile; fileRef = 810D09D6239ADAEC00F4B6BD /* Translator.swift */; };
		810D09DA239C12A600F4B6BD /* ContainsValidCharacters.swift in Sources */ = {isa = PBXBuildFile; fileRef = 810D09D9239C12A500F4B6BD /* ContainsValidCharacters.swift */; };
		810D09DD239EAA0C00F4B6BD /* LanguagesEnum.swift in Sources */ = {isa = PBXBuildFile; fileRef = 810D09DC239EAA0C00F4B6BD /* LanguagesEnum.swift */; };
		810D09EF23A05A0200F4B6BD /* TranslatedArticle.swift in Sources */ = {isa = PBXBuildFile; fileRef = 810D09EE23A05A0200F4B6BD /* TranslatedArticle.swift */; };
		810D09F223A1519500F4B6BD /* UserDefaults.swift in Sources */ = {isa = PBXBuildFile; fileRef = 810D09F123A1519500F4B6BD /* UserDefaults.swift */; };
		810D09F523A174C200F4B6BD /* StyleGuide.swift in Sources */ = {isa = PBXBuildFile; fileRef = 810D09F423A174C200F4B6BD /* StyleGuide.swift */; };
		810D09F823A1B84800F4B6BD /* UIView+ViewCreator.swift in Sources */ = {isa = PBXBuildFile; fileRef = 810D09F723A1B84800F4B6BD /* UIView+ViewCreator.swift */; };
		810D09FD23A1BC2700F4B6BD /* UILabel+LabelCreator.swift in Sources */ = {isa = PBXBuildFile; fileRef = 810D09FC23A1BC2700F4B6BD /* UILabel+LabelCreator.swift */; };
		810D0A0023A1BE2700F4B6BD /* UIImageView+ImageViewCreator.swift in Sources */ = {isa = PBXBuildFile; fileRef = 810D09FF23A1BE2700F4B6BD /* UIImageView+ImageViewCreator.swift */; };
		810D0A0323A1C05600F4B6BD /* UIButton+ButtonCreator.swift in Sources */ = {isa = PBXBuildFile; fileRef = 810D0A0223A1C05600F4B6BD /* UIButton+ButtonCreator.swift */; };
		810D0A0623A1C14D00F4B6BD /* UIScrollView+ScrollViewCreator.swift in Sources */ = {isa = PBXBuildFile; fileRef = 810D0A0523A1C14D00F4B6BD /* UIScrollView+ScrollViewCreator.swift */; };
		810D0A0923A1C42B00F4B6BD /* UISegmentedControl+SegmentedControlCreator.swift in Sources */ = {isa = PBXBuildFile; fileRef = 810D0A0823A1C42B00F4B6BD /* UISegmentedControl+SegmentedControlCreator.swift */; };
		810D0A0C23A1C58F00F4B6BD /* UICollectionView+CollectionViewCreator.swift in Sources */ = {isa = PBXBuildFile; fileRef = 810D0A0B23A1C58F00F4B6BD /* UICollectionView+CollectionViewCreator.swift */; };
		810D0A0E23A409AC00F4B6BD /* StaticAppStrings.swift in Sources */ = {isa = PBXBuildFile; fileRef = 810D0A0D23A409AB00F4B6BD /* StaticAppStrings.swift */; };
		8122129A238AE026006F50FF /* CoordinatorProtocol.swift in Sources */ = {isa = PBXBuildFile; fileRef = 81221299238AE026006F50FF /* CoordinatorProtocol.swift */; };
		8122129C238AE5BF006F50FF /* MainCoordinator.swift in Sources */ = {isa = PBXBuildFile; fileRef = 8122129B238AE5BF006F50FF /* MainCoordinator.swift */; };
		8122129F238AED46006F50FF /* NetworkClient.swift in Sources */ = {isa = PBXBuildFile; fileRef = 8122129E238AED46006F50FF /* NetworkClient.swift */; };
		812212A1238AF082006F50FF /* HTTPURLResponseAPIError.swift in Sources */ = {isa = PBXBuildFile; fileRef = 812212A0238AF082006F50FF /* HTTPURLResponseAPIError.swift */; };
		812212A3238AF2A2006F50FF /* NetworkError.swift in Sources */ = {isa = PBXBuildFile; fileRef = 812212A2238AF2A2006F50FF /* NetworkError.swift */; };
		812212A5238AF5AC006F50FF /* EndpointBuilder.swift in Sources */ = {isa = PBXBuildFile; fileRef = 812212A4238AF5AC006F50FF /* EndpointBuilder.swift */; };
		812212A7238AF7D5006F50FF /* NewsAPIClient.swift in Sources */ = {isa = PBXBuildFile; fileRef = 812212A6238AF7D5006F50FF /* NewsAPIClient.swift */; };
		8144D1FC23A465E80089AFDF /* TheMartianTimesTests.swift in Sources */ = {isa = PBXBuildFile; fileRef = 8144D1FB23A465E80089AFDF /* TheMartianTimesTests.swift */; };
		8144D20423A468F30089AFDF /* TranslatorSpec.swift in Sources */ = {isa = PBXBuildFile; fileRef = 8144D20323A468F30089AFDF /* TranslatorSpec.swift */; };
		8144D20623A55B9A0089AFDF /* ListVCViewModelSpec.swift in Sources */ = {isa = PBXBuildFile; fileRef = 8144D20523A55B9A0089AFDF /* ListVCViewModelSpec.swift */; };
		8144D20823A5697A0089AFDF /* ArticleVCViewModelSpec.swift in Sources */ = {isa = PBXBuildFile; fileRef = 8144D20723A5697A0089AFDF /* ArticleVCViewModelSpec.swift */; };
		8144D20C23A56F580089AFDF /* ArticleCellViewModelSpec.swift in Sources */ = {isa = PBXBuildFile; fileRef = 8144D20B23A56F580089AFDF /* ArticleCellViewModelSpec.swift */; };
		81E6DF322388A08700BA31A6 /* AppDelegate.swift in Sources */ = {isa = PBXBuildFile; fileRef = 81E6DF312388A08700BA31A6 /* AppDelegate.swift */; };
		81E6DF342388A08700BA31A6 /* ListViewController.swift in Sources */ = {isa = PBXBuildFile; fileRef = 81E6DF332388A08700BA31A6 /* ListViewController.swift */; };
		81E6DF372388A08800BA31A6 /* Main.storyboard in Resources */ = {isa = PBXBuildFile; fileRef = 81E6DF352388A08800BA31A6 /* Main.storyboard */; };
		81E6DF392388A08900BA31A6 /* Assets.xcassets in Resources */ = {isa = PBXBuildFile; fileRef = 81E6DF382388A08900BA31A6 /* Assets.xcassets */; };
		81E6DF3C2388A08900BA31A6 /* LaunchScreen.storyboard in Resources */ = {isa = PBXBuildFile; fileRef = 81E6DF3A2388A08900BA31A6 /* LaunchScreen.storyboard */; };
		81E6DF492388B29C00BA31A6 /* ListView.swift in Sources */ = {isa = PBXBuildFile; fileRef = 81E6DF482388B29C00BA31A6 /* ListView.swift */; };
		837975A583C875248435A229 /* Pods_TheMartianTimesTests.framework in Frameworks */ = {isa = PBXBuildFile; fileRef = C1174BB16709B5E0B575D604 /* Pods_TheMartianTimesTests.framework */; };
/* End PBXBuildFile section */

/* Begin PBXContainerItemProxy section */
		8144D1FE23A465E80089AFDF /* PBXContainerItemProxy */ = {
			isa = PBXContainerItemProxy;
			containerPortal = 81E6DF262388A08700BA31A6 /* Project object */;
			proxyType = 1;
			remoteGlobalIDString = 81E6DF2D2388A08700BA31A6;
			remoteInfo = TheMartianTimes;
		};
/* End PBXContainerItemProxy section */

/* Begin PBXFileReference section */
		14E3B1CD6D16FF40C5FA8788 /* Pods-TheMartianTimesTests.debug.xcconfig */ = {isa = PBXFileReference; includeInIndex = 1; lastKnownFileType = text.xcconfig; name = "Pods-TheMartianTimesTests.debug.xcconfig"; path = "Pods/Target Support Files/Pods-TheMartianTimesTests/Pods-TheMartianTimesTests.debug.xcconfig"; sourceTree = "<group>"; };
		4E8332AAEB99E1F546CFE477 /* Pods_TheMartianTimes.framework */ = {isa = PBXFileReference; explicitFileType = wrapper.framework; includeInIndex = 0; path = Pods_TheMartianTimes.framework; sourceTree = BUILT_PRODUCTS_DIR; };
		54E4C04C2AD15EBF0E7E5D4F /* Pods-TheMartianTimes.release.xcconfig */ = {isa = PBXFileReference; includeInIndex = 1; lastKnownFileType = text.xcconfig; name = "Pods-TheMartianTimes.release.xcconfig"; path = "Pods/Target Support Files/Pods-TheMartianTimes/Pods-TheMartianTimes.release.xcconfig"; sourceTree = "<group>"; };
		810560E72389AC8D00D84424 /* GradientView.swift */ = {isa = PBXFileReference; lastKnownFileType = sourcecode.swift; path = GradientView.swift; sourceTree = "<group>"; };
		810560EA2389AD2400D84424 /* UIColor+HexConverter+cgColor.swift */ = {isa = PBXFileReference; lastKnownFileType = sourcecode.swift; path = "UIColor+HexConverter+cgColor.swift"; sourceTree = "<group>"; };
		810560EC2389BDB100D84424 /* ArticleCell.swift */ = {isa = PBXFileReference; lastKnownFileType = sourcecode.swift; path = ArticleCell.swift; sourceTree = "<group>"; };
		810560EF238A23AD00D84424 /* ArticleCellViewModel.swift */ = {isa = PBXFileReference; lastKnownFileType = sourcecode.swift; path = ArticleCellViewModel.swift; sourceTree = "<group>"; };
		810560F3238A25C800D84424 /* ArticleModel.swift */ = {isa = PBXFileReference; lastKnownFileType = sourcecode.swift; path = ArticleModel.swift; sourceTree = "<group>"; };
		810560F5238A4C1600D84424 /* ListVCViewModel.swift */ = {isa = PBXFileReference; lastKnownFileType = sourcecode.swift; path = ListVCViewModel.swift; sourceTree = "<group>"; };
		810D09C4238B913000F4B6BD /* ArticleViewController.swift */ = {isa = PBXFileReference; lastKnownFileType = sourcecode.swift; path = ArticleViewController.swift; sourceTree = "<group>"; };
		810D09C6238B93B500F4B6BD /* ArticleVCViewModel.swift */ = {isa = PBXFileReference; lastKnownFileType = sourcecode.swift; path = ArticleVCViewModel.swift; sourceTree = "<group>"; };
		810D09CB238C472E00F4B6BD /* ArticleView.swift */ = {isa = PBXFileReference; lastKnownFileType = sourcecode.swift; path = ArticleView.swift; sourceTree = "<group>"; };
		810D09CD238C870300F4B6BD /* FormattedArticle.swift */ = {isa = PBXFileReference; lastKnownFileType = sourcecode.swift; path = FormattedArticle.swift; sourceTree = "<group>"; };
		810D09D023961A7500F4B6BD /* Article+FormattedArticle.swift */ = {isa = PBXFileReference; lastKnownFileType = sourcecode.swift; path = "Article+FormattedArticle.swift"; sourceTree = "<group>"; };
		810D09D3239A036F00F4B6BD /* ImageCache.swift */ = {isa = PBXFileReference; lastKnownFileType = sourcecode.swift; path = ImageCache.swift; sourceTree = "<group>"; };
		810D09D6239ADAEC00F4B6BD /* Translator.swift */ = {isa = PBXFileReference; lastKnownFileType = sourcecode.swift; path = Translator.swift; sourceTree = "<group>"; };
		810D09D9239C12A500F4B6BD /* ContainsValidCharacters.swift */ = {isa = PBXFileReference; lastKnownFileType = sourcecode.swift; path = ContainsValidCharacters.swift; sourceTree = "<group>"; };
		810D09DC239EAA0C00F4B6BD /* LanguagesEnum.swift */ = {isa = PBXFileReference; lastKnownFileType = sourcecode.swift; path = LanguagesEnum.swift; sourceTree = "<group>"; };
		810D09EE23A05A0200F4B6BD /* TranslatedArticle.swift */ = {isa = PBXFileReference; lastKnownFileType = sourcecode.swift; path = TranslatedArticle.swift; sourceTree = "<group>"; };
		810D09F123A1519500F4B6BD /* UserDefaults.swift */ = {isa = PBXFileReference; lastKnownFileType = sourcecode.swift; path = UserDefaults.swift; sourceTree = "<group>"; };
		810D09F423A174C200F4B6BD /* StyleGuide.swift */ = {isa = PBXFileReference; lastKnownFileType = sourcecode.swift; path = StyleGuide.swift; sourceTree = "<group>"; };
		810D09F723A1B84800F4B6BD /* UIView+ViewCreator.swift */ = {isa = PBXFileReference; lastKnownFileType = sourcecode.swift; path = "UIView+ViewCreator.swift"; sourceTree = "<group>"; };
		810D09FC23A1BC2700F4B6BD /* UILabel+LabelCreator.swift */ = {isa = PBXFileReference; lastKnownFileType = sourcecode.swift; path = "UILabel+LabelCreator.swift"; sourceTree = "<group>"; };
		810D09FF23A1BE2700F4B6BD /* UIImageView+ImageViewCreator.swift */ = {isa = PBXFileReference; lastKnownFileType = sourcecode.swift; path = "UIImageView+ImageViewCreator.swift"; sourceTree = "<group>"; };
		810D0A0223A1C05600F4B6BD /* UIButton+ButtonCreator.swift */ = {isa = PBXFileReference; lastKnownFileType = sourcecode.swift; path = "UIButton+ButtonCreator.swift"; sourceTree = "<group>"; };
		810D0A0523A1C14D00F4B6BD /* UIScrollView+ScrollViewCreator.swift */ = {isa = PBXFileReference; lastKnownFileType = sourcecode.swift; path = "UIScrollView+ScrollViewCreator.swift"; sourceTree = "<group>"; };
		810D0A0823A1C42B00F4B6BD /* UISegmentedControl+SegmentedControlCreator.swift */ = {isa = PBXFileReference; lastKnownFileType = sourcecode.swift; path = "UISegmentedControl+SegmentedControlCreator.swift"; sourceTree = "<group>"; };
		810D0A0B23A1C58F00F4B6BD /* UICollectionView+CollectionViewCreator.swift */ = {isa = PBXFileReference; lastKnownFileType = sourcecode.swift; path = "UICollectionView+CollectionViewCreator.swift"; sourceTree = "<group>"; };
		810D0A0D23A409AB00F4B6BD /* StaticAppStrings.swift */ = {isa = PBXFileReference; lastKnownFileType = sourcecode.swift; path = StaticAppStrings.swift; sourceTree = "<group>"; };
		81221299238AE026006F50FF /* CoordinatorProtocol.swift */ = {isa = PBXFileReference; lastKnownFileType = sourcecode.swift; path = CoordinatorProtocol.swift; sourceTree = "<group>"; };
		8122129B238AE5BF006F50FF /* MainCoordinator.swift */ = {isa = PBXFileReference; lastKnownFileType = sourcecode.swift; path = MainCoordinator.swift; sourceTree = "<group>"; };
		8122129E238AED46006F50FF /* NetworkClient.swift */ = {isa = PBXFileReference; lastKnownFileType = sourcecode.swift; path = NetworkClient.swift; sourceTree = "<group>"; };
		812212A0238AF082006F50FF /* HTTPURLResponseAPIError.swift */ = {isa = PBXFileReference; lastKnownFileType = sourcecode.swift; path = HTTPURLResponseAPIError.swift; sourceTree = "<group>"; };
		812212A2238AF2A2006F50FF /* NetworkError.swift */ = {isa = PBXFileReference; lastKnownFileType = sourcecode.swift; path = NetworkError.swift; sourceTree = "<group>"; };
		812212A4238AF5AC006F50FF /* EndpointBuilder.swift */ = {isa = PBXFileReference; lastKnownFileType = sourcecode.swift; path = EndpointBuilder.swift; sourceTree = "<group>"; };
		812212A6238AF7D5006F50FF /* NewsAPIClient.swift */ = {isa = PBXFileReference; lastKnownFileType = sourcecode.swift; path = NewsAPIClient.swift; sourceTree = "<group>"; };
		8144D1F923A465E80089AFDF /* TheMartianTimesTests.xctest */ = {isa = PBXFileReference; explicitFileType = wrapper.cfbundle; includeInIndex = 0; path = TheMartianTimesTests.xctest; sourceTree = BUILT_PRODUCTS_DIR; };
		8144D1FB23A465E80089AFDF /* TheMartianTimesTests.swift */ = {isa = PBXFileReference; lastKnownFileType = sourcecode.swift; path = TheMartianTimesTests.swift; sourceTree = "<group>"; };
		8144D1FD23A465E80089AFDF /* Info.plist */ = {isa = PBXFileReference; lastKnownFileType = text.plist.xml; path = Info.plist; sourceTree = "<group>"; };
		8144D20323A468F30089AFDF /* TranslatorSpec.swift */ = {isa = PBXFileReference; lastKnownFileType = sourcecode.swift; path = TranslatorSpec.swift; sourceTree = "<group>"; };
		8144D20523A55B9A0089AFDF /* ListVCViewModelSpec.swift */ = {isa = PBXFileReference; lastKnownFileType = sourcecode.swift; path = ListVCViewModelSpec.swift; sourceTree = "<group>"; };
		8144D20723A5697A0089AFDF /* ArticleVCViewModelSpec.swift */ = {isa = PBXFileReference; lastKnownFileType = sourcecode.swift; path = ArticleVCViewModelSpec.swift; sourceTree = "<group>"; };
		8144D20B23A56F580089AFDF /* ArticleCellViewModelSpec.swift */ = {isa = PBXFileReference; lastKnownFileType = sourcecode.swift; path = ArticleCellViewModelSpec.swift; sourceTree = "<group>"; };
		81E6DF2E2388A08700BA31A6 /* TheMartianTimes.app */ = {isa = PBXFileReference; explicitFileType = wrapper.application; includeInIndex = 0; path = TheMartianTimes.app; sourceTree = BUILT_PRODUCTS_DIR; };
		81E6DF312388A08700BA31A6 /* AppDelegate.swift */ = {isa = PBXFileReference; lastKnownFileType = sourcecode.swift; path = AppDelegate.swift; sourceTree = "<group>"; };
		81E6DF332388A08700BA31A6 /* ListViewController.swift */ = {isa = PBXFileReference; lastKnownFileType = sourcecode.swift; path = ListViewController.swift; sourceTree = "<group>"; };
		81E6DF362388A08800BA31A6 /* Base */ = {isa = PBXFileReference; lastKnownFileType = file.storyboard; name = Base; path = Base.lproj/Main.storyboard; sourceTree = "<group>"; };
		81E6DF382388A08900BA31A6 /* Assets.xcassets */ = {isa = PBXFileReference; lastKnownFileType = folder.assetcatalog; path = Assets.xcassets; sourceTree = "<group>"; };
		81E6DF3B2388A08900BA31A6 /* Base */ = {isa = PBXFileReference; lastKnownFileType = file.storyboard; name = Base; path = Base.lproj/LaunchScreen.storyboard; sourceTree = "<group>"; };
		81E6DF3D2388A08900BA31A6 /* Info.plist */ = {isa = PBXFileReference; lastKnownFileType = text.plist.xml; path = Info.plist; sourceTree = "<group>"; };
		81E6DF482388B29C00BA31A6 /* ListView.swift */ = {isa = PBXFileReference; lastKnownFileType = sourcecode.swift; path = ListView.swift; sourceTree = "<group>"; };
		C1174BB16709B5E0B575D604 /* Pods_TheMartianTimesTests.framework */ = {isa = PBXFileReference; explicitFileType = wrapper.framework; includeInIndex = 0; path = Pods_TheMartianTimesTests.framework; sourceTree = BUILT_PRODUCTS_DIR; };
		DE98EF2986B50A1C695F8E7C /* Pods-TheMartianTimesTests.release.xcconfig */ = {isa = PBXFileReference; includeInIndex = 1; lastKnownFileType = text.xcconfig; name = "Pods-TheMartianTimesTests.release.xcconfig"; path = "Pods/Target Support Files/Pods-TheMartianTimesTests/Pods-TheMartianTimesTests.release.xcconfig"; sourceTree = "<group>"; };
		FF657D0DFA3814E7F68F9E25 /* Pods-TheMartianTimes.debug.xcconfig */ = {isa = PBXFileReference; includeInIndex = 1; lastKnownFileType = text.xcconfig; name = "Pods-TheMartianTimes.debug.xcconfig"; path = "Pods/Target Support Files/Pods-TheMartianTimes/Pods-TheMartianTimes.debug.xcconfig"; sourceTree = "<group>"; };
/* End PBXFileReference section */

/* Begin PBXFrameworksBuildPhase section */
		8144D1F623A465E80089AFDF /* Frameworks */ = {
			isa = PBXFrameworksBuildPhase;
			buildActionMask = 2147483647;
			files = (
				837975A583C875248435A229 /* Pods_TheMartianTimesTests.framework in Frameworks */,
			);
			runOnlyForDeploymentPostprocessing = 0;
		};
		81E6DF2B2388A08700BA31A6 /* Frameworks */ = {
			isa = PBXFrameworksBuildPhase;
			buildActionMask = 2147483647;
			files = (
				092B2EAA746E6140610A1CB5 /* Pods_TheMartianTimes.framework in Frameworks */,
			);
			runOnlyForDeploymentPostprocessing = 0;
		};
/* End PBXFrameworksBuildPhase section */

/* Begin PBXGroup section */
		4C0FEFFC28071C72D67591C8 /* Frameworks */ = {
			isa = PBXGroup;
			children = (
				4E8332AAEB99E1F546CFE477 /* Pods_TheMartianTimes.framework */,
				C1174BB16709B5E0B575D604 /* Pods_TheMartianTimesTests.framework */,
			);
			name = Frameworks;
			sourceTree = "<group>";
		};
		810560E52389AC2E00D84424 /* Gradient */ = {
			isa = PBXGroup;
			children = (
				810560E72389AC8D00D84424 /* GradientView.swift */,
			);
			path = Gradient;
			sourceTree = "<group>";
		};
		810560E62389AC4400D84424 /* Extensions */ = {
			isa = PBXGroup;
			children = (
				810D0A0A23A1C56300F4B6BD /* UICollectionView */,
				810D0A0723A1C36000F4B6BD /* UISegmentedControl */,
				810D0A0423A1C12700F4B6BD /* UIScrollView */,
				810D0A0123A1C03400F4B6BD /* UIButton */,
				810D09FE23A1BDFC00F4B6BD /* UIImageView */,
				810D09FB23A1BBFB00F4B6BD /* UILabel */,
				810D09F623A1B7F000F4B6BD /* UIView */,
				810D09D8239B2BFC00F4B6BD /* Characterset */,
				810D09CF23961A2400F4B6BD /* Article */,
				810560E92389ACB700D84424 /* UIColor+HexConverter+cgColor */,
			);
			path = Extensions;
			sourceTree = "<group>";
		};
		810560E92389ACB700D84424 /* UIColor+HexConverter+cgColor */ = {
			isa = PBXGroup;
			children = (
				810560EA2389AD2400D84424 /* UIColor+HexConverter+cgColor.swift */,
			);
			path = "UIColor+HexConverter+cgColor";
			sourceTree = "<group>";
		};
		810560F2238A259400D84424 /* Model */ = {
			isa = PBXGroup;
			children = (
				810560F3238A25C800D84424 /* ArticleModel.swift */,
				810D09CD238C870300F4B6BD /* FormattedArticle.swift */,
				810D09EE23A05A0200F4B6BD /* TranslatedArticle.swift */,
			);
			path = Model;
			sourceTree = "<group>";
		};
		810560F7238ADFE500D84424 /* Coordinator */ = {
			isa = PBXGroup;
			children = (
				81221299238AE026006F50FF /* CoordinatorProtocol.swift */,
				8122129B238AE5BF006F50FF /* MainCoordinator.swift */,
			);
			path = Coordinator;
			sourceTree = "<group>";
		};
		810D09C1238B900300F4B6BD /* View Controller */ = {
			isa = PBXGroup;
			children = (
				810D09C4238B913000F4B6BD /* ArticleViewController.swift */,
			);
			path = "View Controller";
			sourceTree = "<group>";
		};
		810D09C2238B901400F4B6BD /* View */ = {
			isa = PBXGroup;
			children = (
				810D09CB238C472E00F4B6BD /* ArticleView.swift */,
			);
			path = View;
			sourceTree = "<group>";
		};
		810D09C3238B901E00F4B6BD /* View Model */ = {
			isa = PBXGroup;
			children = (
				810D09C6238B93B500F4B6BD /* ArticleVCViewModel.swift */,
			);
			path = "View Model";
			sourceTree = "<group>";
		};
		810D09CF23961A2400F4B6BD /* Article */ = {
			isa = PBXGroup;
			children = (
				810D09D023961A7500F4B6BD /* Article+FormattedArticle.swift */,
			);
			path = Article;
			sourceTree = "<group>";
		};
		810D09D2239A032200F4B6BD /* Image Cache */ = {
			isa = PBXGroup;
			children = (
				810D09D3239A036F00F4B6BD /* ImageCache.swift */,
			);
			path = "Image Cache";
			sourceTree = "<group>";
		};
		810D09D5239ADAA100F4B6BD /* Translator */ = {
			isa = PBXGroup;
			children = (
				810D09D6239ADAEC00F4B6BD /* Translator.swift */,
			);
			path = Translator;
			sourceTree = "<group>";
		};
		810D09D8239B2BFC00F4B6BD /* Characterset */ = {
			isa = PBXGroup;
			children = (
				810D09D9239C12A500F4B6BD /* ContainsValidCharacters.swift */,
			);
			path = Characterset;
			sourceTree = "<group>";
		};
		810D09DB239EA9E600F4B6BD /* Languages */ = {
			isa = PBXGroup;
			children = (
				810D09DC239EAA0C00F4B6BD /* LanguagesEnum.swift */,
			);
			path = Languages;
			sourceTree = "<group>";
		};
		810D09E6239F435500F4B6BD /* Caching */ = {
			isa = PBXGroup;
			children = (
				810D09D2239A032200F4B6BD /* Image Cache */,
			);
			path = Caching;
			sourceTree = "<group>";
		};
		810D09F023A1517400F4B6BD /* User Defaults */ = {
			isa = PBXGroup;
			children = (
				810D09F123A1519500F4B6BD /* UserDefaults.swift */,
			);
			path = "User Defaults";
			sourceTree = "<group>";
		};
		810D09F323A174A900F4B6BD /* Style Guide */ = {
			isa = PBXGroup;
			children = (
				810D09F423A174C200F4B6BD /* StyleGuide.swift */,
				810D0A0D23A409AB00F4B6BD /* StaticAppStrings.swift */,
			);
			path = "Style Guide";
			sourceTree = "<group>";
		};
		810D09F623A1B7F000F4B6BD /* UIView */ = {
			isa = PBXGroup;
			children = (
				810D09F723A1B84800F4B6BD /* UIView+ViewCreator.swift */,
			);
			path = UIView;
			sourceTree = "<group>";
		};
		810D09FB23A1BBFB00F4B6BD /* UILabel */ = {
			isa = PBXGroup;
			children = (
				810D09FC23A1BC2700F4B6BD /* UILabel+LabelCreator.swift */,
			);
			path = UILabel;
			sourceTree = "<group>";
		};
		810D09FE23A1BDFC00F4B6BD /* UIImageView */ = {
			isa = PBXGroup;
			children = (
				810D09FF23A1BE2700F4B6BD /* UIImageView+ImageViewCreator.swift */,
			);
			path = UIImageView;
			sourceTree = "<group>";
		};
		810D0A0123A1C03400F4B6BD /* UIButton */ = {
			isa = PBXGroup;
			children = (
				810D0A0223A1C05600F4B6BD /* UIButton+ButtonCreator.swift */,
			);
			path = UIButton;
			sourceTree = "<group>";
		};
		810D0A0423A1C12700F4B6BD /* UIScrollView */ = {
			isa = PBXGroup;
			children = (
				810D0A0523A1C14D00F4B6BD /* UIScrollView+ScrollViewCreator.swift */,
			);
			path = UIScrollView;
			sourceTree = "<group>";
		};
		810D0A0723A1C36000F4B6BD /* UISegmentedControl */ = {
			isa = PBXGroup;
			children = (
				810D0A0823A1C42B00F4B6BD /* UISegmentedControl+SegmentedControlCreator.swift */,
			);
			path = UISegmentedControl;
			sourceTree = "<group>";
		};
		810D0A0A23A1C56300F4B6BD /* UICollectionView */ = {
			isa = PBXGroup;
			children = (
				810D0A0B23A1C58F00F4B6BD /* UICollectionView+CollectionViewCreator.swift */,
			);
			path = UICollectionView;
			sourceTree = "<group>";
		};
		8122129D238AE8DB006F50FF /* Networking */ = {
			isa = PBXGroup;
			children = (
				812212A6238AF7D5006F50FF /* NewsAPIClient.swift */,
				8122129E238AED46006F50FF /* NetworkClient.swift */,
				812212A4238AF5AC006F50FF /* EndpointBuilder.swift */,
				812212A2238AF2A2006F50FF /* NetworkError.swift */,
				812212A0238AF082006F50FF /* HTTPURLResponseAPIError.swift */,
			);
			path = Networking;
			sourceTree = "<group>";
		};
		812212A9238B8EBB006F50FF /* Article Page */ = {
			isa = PBXGroup;
			children = (
				810D09C3238B901E00F4B6BD /* View Model */,
				810D09C2238B901400F4B6BD /* View */,
				810D09C1238B900300F4B6BD /* View Controller */,
			);
			path = "Article Page";
			sourceTree = "<group>";
		};
		8144D1FA23A465E80089AFDF /* TheMartianTimesTests */ = {
			isa = PBXGroup;
			children = (
				8144D1FB23A465E80089AFDF /* TheMartianTimesTests.swift */,
				8144D1FD23A465E80089AFDF /* Info.plist */,
				8144D20323A468F30089AFDF /* TranslatorSpec.swift */,
				8144D20523A55B9A0089AFDF /* ListVCViewModelSpec.swift */,
				8144D20723A5697A0089AFDF /* ArticleVCViewModelSpec.swift */,
				8144D20B23A56F580089AFDF /* ArticleCellViewModelSpec.swift */,
			);
			path = TheMartianTimesTests;
			sourceTree = "<group>";
		};
		81E6DF252388A08700BA31A6 = {
			isa = PBXGroup;
			children = (
				81E6DF302388A08700BA31A6 /* TheMartianTimes */,
				8144D1FA23A465E80089AFDF /* TheMartianTimesTests */,
				81E6DF2F2388A08700BA31A6 /* Products */,
				FC6DED716E1E29C0E45DD606 /* Pods */,
				4C0FEFFC28071C72D67591C8 /* Frameworks */,
			);
			sourceTree = "<group>";
		};
		81E6DF2F2388A08700BA31A6 /* Products */ = {
			isa = PBXGroup;
			children = (
				81E6DF2E2388A08700BA31A6 /* TheMartianTimes.app */,
				8144D1F923A465E80089AFDF /* TheMartianTimesTests.xctest */,
			);
			name = Products;
			sourceTree = "<group>";
		};
		81E6DF302388A08700BA31A6 /* TheMartianTimes */ = {
			isa = PBXGroup;
			children = (
				812212A9238B8EBB006F50FF /* Article Page */,
				81E6DF432388B00E00BA31A6 /* List Page */,
				81E6DF4A2389ABB300BA31A6 /* Components */,
				810560F2238A259400D84424 /* Model */,
				8122129D238AE8DB006F50FF /* Networking */,
				81E6DF312388A08700BA31A6 /* AppDelegate.swift */,
				81E6DF352388A08800BA31A6 /* Main.storyboard */,
				81E6DF382388A08900BA31A6 /* Assets.xcassets */,
				81E6DF3A2388A08900BA31A6 /* LaunchScreen.storyboard */,
				81E6DF3D2388A08900BA31A6 /* Info.plist */,
			);
			path = TheMartianTimes;
			sourceTree = "<group>";
		};
		81E6DF432388B00E00BA31A6 /* List Page */ = {
			isa = PBXGroup;
			children = (
				81E6DF472388B06200BA31A6 /* View Models */,
				81E6DF462388B05600BA31A6 /* Cell */,
				81E6DF452388B04100BA31A6 /* View */,
				81E6DF442388B02B00BA31A6 /* View Controller */,
			);
			path = "List Page";
			sourceTree = "<group>";
		};
		81E6DF442388B02B00BA31A6 /* View Controller */ = {
			isa = PBXGroup;
			children = (
				81E6DF332388A08700BA31A6 /* ListViewController.swift */,
			);
			path = "View Controller";
			sourceTree = "<group>";
		};
		81E6DF452388B04100BA31A6 /* View */ = {
			isa = PBXGroup;
			children = (
				81E6DF482388B29C00BA31A6 /* ListView.swift */,
			);
			path = View;
			sourceTree = "<group>";
		};
		81E6DF462388B05600BA31A6 /* Cell */ = {
			isa = PBXGroup;
			children = (
				810560EC2389BDB100D84424 /* ArticleCell.swift */,
			);
			path = Cell;
			sourceTree = "<group>";
		};
		81E6DF472388B06200BA31A6 /* View Models */ = {
			isa = PBXGroup;
			children = (
				810560EF238A23AD00D84424 /* ArticleCellViewModel.swift */,
				810560F5238A4C1600D84424 /* ListVCViewModel.swift */,
			);
			path = "View Models";
			sourceTree = "<group>";
		};
		81E6DF4A2389ABB300BA31A6 /* Components */ = {
			isa = PBXGroup;
			children = (
				810D09F323A174A900F4B6BD /* Style Guide */,
				810D09F023A1517400F4B6BD /* User Defaults */,
				810D09E6239F435500F4B6BD /* Caching */,
				810D09DB239EA9E600F4B6BD /* Languages */,
				810D09D5239ADAA100F4B6BD /* Translator */,
				810560F7238ADFE500D84424 /* Coordinator */,
				810560E62389AC4400D84424 /* Extensions */,
				810560E52389AC2E00D84424 /* Gradient */,
			);
			path = Components;
			sourceTree = "<group>";
		};
		FC6DED716E1E29C0E45DD606 /* Pods */ = {
			isa = PBXGroup;
			children = (
				FF657D0DFA3814E7F68F9E25 /* Pods-TheMartianTimes.debug.xcconfig */,
				54E4C04C2AD15EBF0E7E5D4F /* Pods-TheMartianTimes.release.xcconfig */,
				14E3B1CD6D16FF40C5FA8788 /* Pods-TheMartianTimesTests.debug.xcconfig */,
				DE98EF2986B50A1C695F8E7C /* Pods-TheMartianTimesTests.release.xcconfig */,
			);
			name = Pods;
			sourceTree = "<group>";
		};
/* End PBXGroup section */

/* Begin PBXNativeTarget section */
		8144D1F823A465E80089AFDF /* TheMartianTimesTests */ = {
			isa = PBXNativeTarget;
			buildConfigurationList = 8144D20223A465E80089AFDF /* Build configuration list for PBXNativeTarget "TheMartianTimesTests" */;
			buildPhases = (
				84DBFDEEFBBBA9FB432B66C2 /* [CP] Check Pods Manifest.lock */,
				8144D1F523A465E80089AFDF /* Sources */,
				8144D1F623A465E80089AFDF /* Frameworks */,
				8144D1F723A465E80089AFDF /* Resources */,
				8DBCB834A2CEB29CEE78AF3E /* [CP] Embed Pods Frameworks */,
			);
			buildRules = (
			);
			dependencies = (
				8144D1FF23A465E80089AFDF /* PBXTargetDependency */,
			);
			name = TheMartianTimesTests;
			productName = TheMartianTimesTests;
			productReference = 8144D1F923A465E80089AFDF /* TheMartianTimesTests.xctest */;
			productType = "com.apple.product-type.bundle.unit-test";
		};
		81E6DF2D2388A08700BA31A6 /* TheMartianTimes */ = {
			isa = PBXNativeTarget;
			buildConfigurationList = 81E6DF402388A08900BA31A6 /* Build configuration list for PBXNativeTarget "TheMartianTimes" */;
			buildPhases = (
				B61992C5FB87F5DDDAA37768 /* [CP] Check Pods Manifest.lock */,
				81E6DF2A2388A08700BA31A6 /* Sources */,
				81E6DF2B2388A08700BA31A6 /* Frameworks */,
				81E6DF2C2388A08700BA31A6 /* Resources */,
			);
			buildRules = (
			);
			dependencies = (
			);
			name = TheMartianTimes;
			productName = TheMartianTimes;
			productReference = 81E6DF2E2388A08700BA31A6 /* TheMartianTimes.app */;
			productType = "com.apple.product-type.application";
		};
/* End PBXNativeTarget section */

/* Begin PBXProject section */
		81E6DF262388A08700BA31A6 /* Project object */ = {
			isa = PBXProject;
			attributes = {
				LastSwiftUpdateCheck = 1030;
				LastUpgradeCheck = 1030;
				ORGANIZATIONNAME = "Vikash Hart";
				TargetAttributes = {
					8144D1F823A465E80089AFDF = {
						CreatedOnToolsVersion = 10.3;
						TestTargetID = 81E6DF2D2388A08700BA31A6;
					};
					81E6DF2D2388A08700BA31A6 = {
						CreatedOnToolsVersion = 10.3;
					};
				};
			};
			buildConfigurationList = 81E6DF292388A08700BA31A6 /* Build configuration list for PBXProject "TheMartianTimes" */;
			compatibilityVersion = "Xcode 9.3";
			developmentRegion = en;
			hasScannedForEncodings = 0;
			knownRegions = (
				en,
				Base,
			);
			mainGroup = 81E6DF252388A08700BA31A6;
			productRefGroup = 81E6DF2F2388A08700BA31A6 /* Products */;
			projectDirPath = "";
			projectRoot = "";
			targets = (
				81E6DF2D2388A08700BA31A6 /* TheMartianTimes */,
				8144D1F823A465E80089AFDF /* TheMartianTimesTests */,
			);
		};
/* End PBXProject section */

/* Begin PBXResourcesBuildPhase section */
		8144D1F723A465E80089AFDF /* Resources */ = {
			isa = PBXResourcesBuildPhase;
			buildActionMask = 2147483647;
			files = (
			);
			runOnlyForDeploymentPostprocessing = 0;
		};
		81E6DF2C2388A08700BA31A6 /* Resources */ = {
			isa = PBXResourcesBuildPhase;
			buildActionMask = 2147483647;
			files = (
				81E6DF3C2388A08900BA31A6 /* LaunchScreen.storyboard in Resources */,
				81E6DF392388A08900BA31A6 /* Assets.xcassets in Resources */,
				81E6DF372388A08800BA31A6 /* Main.storyboard in Resources */,
			);
			runOnlyForDeploymentPostprocessing = 0;
		};
/* End PBXResourcesBuildPhase section */

/* Begin PBXShellScriptBuildPhase section */
		84DBFDEEFBBBA9FB432B66C2 /* [CP] Check Pods Manifest.lock */ = {
			isa = PBXShellScriptBuildPhase;
			buildActionMask = 2147483647;
			files = (
			);
			inputFileListPaths = (
			);
			inputPaths = (
				"${PODS_PODFILE_DIR_PATH}/Podfile.lock",
				"${PODS_ROOT}/Manifest.lock",
			);
			name = "[CP] Check Pods Manifest.lock";
			outputFileListPaths = (
			);
			outputPaths = (
				"$(DERIVED_FILE_DIR)/Pods-TheMartianTimesTests-checkManifestLockResult.txt",
			);
			runOnlyForDeploymentPostprocessing = 0;
			shellPath = /bin/sh;
			shellScript = "diff \"${PODS_PODFILE_DIR_PATH}/Podfile.lock\" \"${PODS_ROOT}/Manifest.lock\" > /dev/null\nif [ $? != 0 ] ; then\n    # print error to STDERR\n    echo \"error: The sandbox is not in sync with the Podfile.lock. Run 'pod install' or update your CocoaPods installation.\" >&2\n    exit 1\nfi\n# This output is used by Xcode 'outputs' to avoid re-running this script phase.\necho \"SUCCESS\" > \"${SCRIPT_OUTPUT_FILE_0}\"\n";
			showEnvVarsInLog = 0;
		};
		8DBCB834A2CEB29CEE78AF3E /* [CP] Embed Pods Frameworks */ = {
			isa = PBXShellScriptBuildPhase;
			buildActionMask = 2147483647;
			files = (
			);
			inputFileListPaths = (
			);
			inputPaths = (
				"${SRCROOT}/Pods/Target Support Files/Pods-TheMartianTimesTests/Pods-TheMartianTimesTests-frameworks.sh",
				"${BUILT_PRODUCTS_DIR}/Nimble/Nimble.framework",
				"${BUILT_PRODUCTS_DIR}/Quick/Quick.framework",
			);
			name = "[CP] Embed Pods Frameworks";
			outputFileListPaths = (
			);
			outputPaths = (
				"${TARGET_BUILD_DIR}/${FRAMEWORKS_FOLDER_PATH}/Nimble.framework",
				"${TARGET_BUILD_DIR}/${FRAMEWORKS_FOLDER_PATH}/Quick.framework",
			);
			runOnlyForDeploymentPostprocessing = 0;
			shellPath = /bin/sh;
			shellScript = "\"${SRCROOT}/Pods/Target Support Files/Pods-TheMartianTimesTests/Pods-TheMartianTimesTests-frameworks.sh\"\n";
			showEnvVarsInLog = 0;
		};
		B61992C5FB87F5DDDAA37768 /* [CP] Check Pods Manifest.lock */ = {
			isa = PBXShellScriptBuildPhase;
			buildActionMask = 2147483647;
			files = (
			);
			inputFileListPaths = (
			);
			inputPaths = (
				"${PODS_PODFILE_DIR_PATH}/Podfile.lock",
				"${PODS_ROOT}/Manifest.lock",
			);
			name = "[CP] Check Pods Manifest.lock";
			outputFileListPaths = (
			);
			outputPaths = (
				"$(DERIVED_FILE_DIR)/Pods-TheMartianTimes-checkManifestLockResult.txt",
			);
			runOnlyForDeploymentPostprocessing = 0;
			shellPath = /bin/sh;
			shellScript = "diff \"${PODS_PODFILE_DIR_PATH}/Podfile.lock\" \"${PODS_ROOT}/Manifest.lock\" > /dev/null\nif [ $? != 0 ] ; then\n    # print error to STDERR\n    echo \"error: The sandbox is not in sync with the Podfile.lock. Run 'pod install' or update your CocoaPods installation.\" >&2\n    exit 1\nfi\n# This output is used by Xcode 'outputs' to avoid re-running this script phase.\necho \"SUCCESS\" > \"${SCRIPT_OUTPUT_FILE_0}\"\n";
			showEnvVarsInLog = 0;
		};
/* End PBXShellScriptBuildPhase section */

/* Begin PBXSourcesBuildPhase section */
		8144D1F523A465E80089AFDF /* Sources */ = {
			isa = PBXSourcesBuildPhase;
			buildActionMask = 2147483647;
			files = (
				8144D20C23A56F580089AFDF /* ArticleCellViewModelSpec.swift in Sources */,
				8144D20423A468F30089AFDF /* TranslatorSpec.swift in Sources */,
				8144D20623A55B9A0089AFDF /* ListVCViewModelSpec.swift in Sources */,
				8144D1FC23A465E80089AFDF /* TheMartianTimesTests.swift in Sources */,
				8144D20823A5697A0089AFDF /* ArticleVCViewModelSpec.swift in Sources */,
			);
			runOnlyForDeploymentPostprocessing = 0;
		};
		81E6DF2A2388A08700BA31A6 /* Sources */ = {
			isa = PBXSourcesBuildPhase;
			buildActionMask = 2147483647;
			files = (
				810D09D4239A036F00F4B6BD /* ImageCache.swift in Sources */,
				810560F6238A4C1600D84424 /* ListVCViewModel.swift in Sources */,
				810D09EF23A05A0200F4B6BD /* TranslatedArticle.swift in Sources */,
				810D0A0C23A1C58F00F4B6BD /* UICollectionView+CollectionViewCreator.swift in Sources */,
				810D09CE238C870300F4B6BD /* FormattedArticle.swift in Sources */,
				812212A3238AF2A2006F50FF /* NetworkError.swift in Sources */,
				810560EB2389AD2400D84424 /* UIColor+HexConverter+cgColor.swift in Sources */,
				8122129A238AE026006F50FF /* CoordinatorProtocol.swift in Sources */,
				810D09C7238B93B500F4B6BD /* ArticleVCViewModel.swift in Sources */,
				810D0A0323A1C05600F4B6BD /* UIButton+ButtonCreator.swift in Sources */,
				812212A7238AF7D5006F50FF /* NewsAPIClient.swift in Sources */,
				810D0A0023A1BE2700F4B6BD /* UIImageView+ImageViewCreator.swift in Sources */,
				810D0A0E23A409AC00F4B6BD /* StaticAppStrings.swift in Sources */,
				810D09FD23A1BC2700F4B6BD /* UILabel+LabelCreator.swift in Sources */,
				81E6DF342388A08700BA31A6 /* ListViewController.swift in Sources */,
				810D09DD239EAA0C00F4B6BD /* LanguagesEnum.swift in Sources */,
				810D09D123961A7500F4B6BD /* Article+FormattedArticle.swift in Sources */,
				810D09CC238C472E00F4B6BD /* ArticleView.swift in Sources */,
				810560F4238A25C800D84424 /* ArticleModel.swift in Sources */,
				8122129C238AE5BF006F50FF /* MainCoordinator.swift in Sources */,
				810560ED2389BDB100D84424 /* ArticleCell.swift in Sources */,
				810D0A0623A1C14D00F4B6BD /* UIScrollView+ScrollViewCreator.swift in Sources */,
				81E6DF322388A08700BA31A6 /* AppDelegate.swift in Sources */,
				810D0A0923A1C42B00F4B6BD /* UISegmentedControl+SegmentedControlCreator.swift in Sources */,
				812212A5238AF5AC006F50FF /* EndpointBuilder.swift in Sources */,
				810D09C5238B913000F4B6BD /* ArticleViewController.swift in Sources */,
				812212A1238AF082006F50FF /* HTTPURLResponseAPIError.swift in Sources */,
				810560E82389AC8D00D84424 /* GradientView.swift in Sources */,
				810560F0238A23AD00D84424 /* ArticleCellViewModel.swift in Sources */,
				810D09F523A174C200F4B6BD /* StyleGuide.swift in Sources */,
				81E6DF492388B29C00BA31A6 /* ListView.swift in Sources */,
				810D09D7239ADAEC00F4B6BD /* Translator.swift in Sources */,
				810D09F823A1B84800F4B6BD /* UIView+ViewCreator.swift in Sources */,
				810D09F223A1519500F4B6BD /* UserDefaults.swift in Sources */,
				8122129F238AED46006F50FF /* NetworkClient.swift in Sources */,
				810D09DA239C12A600F4B6BD /* ContainsValidCharacters.swift in Sources */,
			);
			runOnlyForDeploymentPostprocessing = 0;
		};
/* End PBXSourcesBuildPhase section */

/* Begin PBXTargetDependency section */
		8144D1FF23A465E80089AFDF /* PBXTargetDependency */ = {
			isa = PBXTargetDependency;
			target = 81E6DF2D2388A08700BA31A6 /* TheMartianTimes */;
			targetProxy = 8144D1FE23A465E80089AFDF /* PBXContainerItemProxy */;
		};
/* End PBXTargetDependency section */

/* Begin PBXVariantGroup section */
		81E6DF352388A08800BA31A6 /* Main.storyboard */ = {
			isa = PBXVariantGroup;
			children = (
				81E6DF362388A08800BA31A6 /* Base */,
			);
			name = Main.storyboard;
			sourceTree = "<group>";
		};
		81E6DF3A2388A08900BA31A6 /* LaunchScreen.storyboard */ = {
			isa = PBXVariantGroup;
			children = (
				81E6DF3B2388A08900BA31A6 /* Base */,
			);
			name = LaunchScreen.storyboard;
			sourceTree = "<group>";
		};
/* End PBXVariantGroup section */

/* Begin XCBuildConfiguration section */
		8144D20023A465E80089AFDF /* Debug */ = {
			isa = XCBuildConfiguration;
			baseConfigurationReference = 14E3B1CD6D16FF40C5FA8788 /* Pods-TheMartianTimesTests.debug.xcconfig */;
			buildSettings = {
				BUNDLE_LOADER = "$(TEST_HOST)";
				CODE_SIGN_STYLE = Automatic;
				DEVELOPMENT_TEAM = 63X7US2LVV;
				INFOPLIST_FILE = TheMartianTimesTests/Info.plist;
				LD_RUNPATH_SEARCH_PATHS = (
					"$(inherited)",
					"@executable_path/Frameworks",
					"@loader_path/Frameworks",
				);
				PRODUCT_BUNDLE_IDENTIFIER = "Vikash-Hart.TheMartianTimesTests";
				PRODUCT_NAME = "$(TARGET_NAME)";
				SWIFT_VERSION = 5.0;
				TARGETED_DEVICE_FAMILY = "1,2";
				TEST_HOST = "$(BUILT_PRODUCTS_DIR)/TheMartianTimes.app/TheMartianTimes";
			};
			name = Debug;
		};
		8144D20123A465E80089AFDF /* Release */ = {
			isa = XCBuildConfiguration;
			baseConfigurationReference = DE98EF2986B50A1C695F8E7C /* Pods-TheMartianTimesTests.release.xcconfig */;
			buildSettings = {
				BUNDLE_LOADER = "$(TEST_HOST)";
				CODE_SIGN_STYLE = Automatic;
				DEVELOPMENT_TEAM = 63X7US2LVV;
				INFOPLIST_FILE = TheMartianTimesTests/Info.plist;
				LD_RUNPATH_SEARCH_PATHS = (
					"$(inherited)",
					"@executable_path/Frameworks",
					"@loader_path/Frameworks",
				);
				PRODUCT_BUNDLE_IDENTIFIER = "Vikash-Hart.TheMartianTimesTests";
				PRODUCT_NAME = "$(TARGET_NAME)";
				SWIFT_VERSION = 5.0;
				TARGETED_DEVICE_FAMILY = "1,2";
				TEST_HOST = "$(BUILT_PRODUCTS_DIR)/TheMartianTimes.app/TheMartianTimes";
			};
			name = Release;
		};
		81E6DF3E2388A08900BA31A6 /* Debug */ = {
			isa = XCBuildConfiguration;
			buildSettings = {
				ALWAYS_SEARCH_USER_PATHS = NO;
				CLANG_ANALYZER_NONNULL = YES;
				CLANG_ANALYZER_NUMBER_OBJECT_CONVERSION = YES_AGGRESSIVE;
				CLANG_CXX_LANGUAGE_STANDARD = "gnu++14";
				CLANG_CXX_LIBRARY = "libc++";
				CLANG_ENABLE_MODULES = YES;
				CLANG_ENABLE_OBJC_ARC = YES;
				CLANG_ENABLE_OBJC_WEAK = YES;
				CLANG_WARN_BLOCK_CAPTURE_AUTORELEASING = YES;
				CLANG_WARN_BOOL_CONVERSION = YES;
				CLANG_WARN_COMMA = YES;
				CLANG_WARN_CONSTANT_CONVERSION = YES;
				CLANG_WARN_DEPRECATED_OBJC_IMPLEMENTATIONS = YES;
				CLANG_WARN_DIRECT_OBJC_ISA_USAGE = YES_ERROR;
				CLANG_WARN_DOCUMENTATION_COMMENTS = YES;
				CLANG_WARN_EMPTY_BODY = YES;
				CLANG_WARN_ENUM_CONVERSION = YES;
				CLANG_WARN_INFINITE_RECURSION = YES;
				CLANG_WARN_INT_CONVERSION = YES;
				CLANG_WARN_NON_LITERAL_NULL_CONVERSION = YES;
				CLANG_WARN_OBJC_IMPLICIT_RETAIN_SELF = YES;
				CLANG_WARN_OBJC_LITERAL_CONVERSION = YES;
				CLANG_WARN_OBJC_ROOT_CLASS = YES_ERROR;
				CLANG_WARN_RANGE_LOOP_ANALYSIS = YES;
				CLANG_WARN_STRICT_PROTOTYPES = YES;
				CLANG_WARN_SUSPICIOUS_MOVE = YES;
				CLANG_WARN_UNGUARDED_AVAILABILITY = YES_AGGRESSIVE;
				CLANG_WARN_UNREACHABLE_CODE = YES;
				CLANG_WARN__DUPLICATE_METHOD_MATCH = YES;
				CODE_SIGN_IDENTITY = "iPhone Developer";
				COPY_PHASE_STRIP = NO;
				DEBUG_INFORMATION_FORMAT = dwarf;
				ENABLE_STRICT_OBJC_MSGSEND = YES;
				ENABLE_TESTABILITY = YES;
				GCC_C_LANGUAGE_STANDARD = gnu11;
				GCC_DYNAMIC_NO_PIC = NO;
				GCC_NO_COMMON_BLOCKS = YES;
				GCC_OPTIMIZATION_LEVEL = 0;
				GCC_PREPROCESSOR_DEFINITIONS = (
					"DEBUG=1",
					"$(inherited)",
				);
				GCC_WARN_64_TO_32_BIT_CONVERSION = YES;
				GCC_WARN_ABOUT_RETURN_TYPE = YES_ERROR;
				GCC_WARN_UNDECLARED_SELECTOR = YES;
				GCC_WARN_UNINITIALIZED_AUTOS = YES_AGGRESSIVE;
				GCC_WARN_UNUSED_FUNCTION = YES;
				GCC_WARN_UNUSED_VARIABLE = YES;
				IPHONEOS_DEPLOYMENT_TARGET = 12.4;
				MTL_ENABLE_DEBUG_INFO = INCLUDE_SOURCE;
				MTL_FAST_MATH = YES;
				ONLY_ACTIVE_ARCH = YES;
				SDKROOT = iphoneos;
				SWIFT_ACTIVE_COMPILATION_CONDITIONS = DEBUG;
				SWIFT_OPTIMIZATION_LEVEL = "-Onone";
			};
			name = Debug;
		};
		81E6DF3F2388A08900BA31A6 /* Release */ = {
			isa = XCBuildConfiguration;
			buildSettings = {
				ALWAYS_SEARCH_USER_PATHS = NO;
				CLANG_ANALYZER_NONNULL = YES;
				CLANG_ANALYZER_NUMBER_OBJECT_CONVERSION = YES_AGGRESSIVE;
				CLANG_CXX_LANGUAGE_STANDARD = "gnu++14";
				CLANG_CXX_LIBRARY = "libc++";
				CLANG_ENABLE_MODULES = YES;
				CLANG_ENABLE_OBJC_ARC = YES;
				CLANG_ENABLE_OBJC_WEAK = YES;
				CLANG_WARN_BLOCK_CAPTURE_AUTORELEASING = YES;
				CLANG_WARN_BOOL_CONVERSION = YES;
				CLANG_WARN_COMMA = YES;
				CLANG_WARN_CONSTANT_CONVERSION = YES;
				CLANG_WARN_DEPRECATED_OBJC_IMPLEMENTATIONS = YES;
				CLANG_WARN_DIRECT_OBJC_ISA_USAGE = YES_ERROR;
				CLANG_WARN_DOCUMENTATION_COMMENTS = YES;
				CLANG_WARN_EMPTY_BODY = YES;
				CLANG_WARN_ENUM_CONVERSION = YES;
				CLANG_WARN_INFINITE_RECURSION = YES;
				CLANG_WARN_INT_CONVERSION = YES;
				CLANG_WARN_NON_LITERAL_NULL_CONVERSION = YES;
				CLANG_WARN_OBJC_IMPLICIT_RETAIN_SELF = YES;
				CLANG_WARN_OBJC_LITERAL_CONVERSION = YES;
				CLANG_WARN_OBJC_ROOT_CLASS = YES_ERROR;
				CLANG_WARN_RANGE_LOOP_ANALYSIS = YES;
				CLANG_WARN_STRICT_PROTOTYPES = YES;
				CLANG_WARN_SUSPICIOUS_MOVE = YES;
				CLANG_WARN_UNGUARDED_AVAILABILITY = YES_AGGRESSIVE;
				CLANG_WARN_UNREACHABLE_CODE = YES;
				CLANG_WARN__DUPLICATE_METHOD_MATCH = YES;
				CODE_SIGN_IDENTITY = "iPhone Developer";
				COPY_PHASE_STRIP = NO;
				DEBUG_INFORMATION_FORMAT = "dwarf-with-dsym";
				ENABLE_NS_ASSERTIONS = NO;
				ENABLE_STRICT_OBJC_MSGSEND = YES;
				GCC_C_LANGUAGE_STANDARD = gnu11;
				GCC_NO_COMMON_BLOCKS = YES;
				GCC_WARN_64_TO_32_BIT_CONVERSION = YES;
				GCC_WARN_ABOUT_RETURN_TYPE = YES_ERROR;
				GCC_WARN_UNDECLARED_SELECTOR = YES;
				GCC_WARN_UNINITIALIZED_AUTOS = YES_AGGRESSIVE;
				GCC_WARN_UNUSED_FUNCTION = YES;
				GCC_WARN_UNUSED_VARIABLE = YES;
				IPHONEOS_DEPLOYMENT_TARGET = 12.4;
				MTL_ENABLE_DEBUG_INFO = NO;
				MTL_FAST_MATH = YES;
				SDKROOT = iphoneos;
				SWIFT_COMPILATION_MODE = wholemodule;
				SWIFT_OPTIMIZATION_LEVEL = "-O";
				VALIDATE_PRODUCT = YES;
			};
			name = Release;
		};
		81E6DF412388A08900BA31A6 /* Debug */ = {
			isa = XCBuildConfiguration;
			baseConfigurationReference = FF657D0DFA3814E7F68F9E25 /* Pods-TheMartianTimes.debug.xcconfig */;
			buildSettings = {
				ASSETCATALOG_COMPILER_APPICON_NAME = AppIcon;
				CODE_SIGN_STYLE = Automatic;
				DEVELOPMENT_TEAM = 63X7US2LVV;
				INFOPLIST_FILE = TheMartianTimes/Info.plist;
				LD_RUNPATH_SEARCH_PATHS = (
					"$(inherited)",
					"@executable_path/Frameworks",
				);
				PRODUCT_BUNDLE_IDENTIFIER = "Vikash-Hart.TheMartianTimes";
				PRODUCT_NAME = "$(TARGET_NAME)";
				SWIFT_VERSION = 5.0;
				TARGETED_DEVICE_FAMILY = "1,2";
			};
			name = Debug;
		};
		81E6DF422388A08900BA31A6 /* Release */ = {
			isa = XCBuildConfiguration;
			baseConfigurationReference = 54E4C04C2AD15EBF0E7E5D4F /* Pods-TheMartianTimes.release.xcconfig */;
			buildSettings = {
				ASSETCATALOG_COMPILER_APPICON_NAME = AppIcon;
				CODE_SIGN_STYLE = Automatic;
				DEVELOPMENT_TEAM = 63X7US2LVV;
				INFOPLIST_FILE = TheMartianTimes/Info.plist;
				LD_RUNPATH_SEARCH_PATHS = (
					"$(inherited)",
					"@executable_path/Frameworks",
				);
				PRODUCT_BUNDLE_IDENTIFIER = "Vikash-Hart.TheMartianTimes";
				PRODUCT_NAME = "$(TARGET_NAME)";
				SWIFT_VERSION = 5.0;
				TARGETED_DEVICE_FAMILY = "1,2";
			};
			name = Release;
		};
/* End XCBuildConfiguration section */

/* Begin XCConfigurationList section */
		8144D20223A465E80089AFDF /* Build configuration list for PBXNativeTarget "TheMartianTimesTests" */ = {
			isa = XCConfigurationList;
			buildConfigurations = (
				8144D20023A465E80089AFDF /* Debug */,
				8144D20123A465E80089AFDF /* Release */,
			);
			defaultConfigurationIsVisible = 0;
			defaultConfigurationName = Release;
		};
		81E6DF292388A08700BA31A6 /* Build configuration list for PBXProject "TheMartianTimes" */ = {
			isa = XCConfigurationList;
			buildConfigurations = (
				81E6DF3E2388A08900BA31A6 /* Debug */,
				81E6DF3F2388A08900BA31A6 /* Release */,
			);
			defaultConfigurationIsVisible = 0;
			defaultConfigurationName = Release;
		};
		81E6DF402388A08900BA31A6 /* Build configuration list for PBXNativeTarget "TheMartianTimes" */ = {
			isa = XCConfigurationList;
			buildConfigurations = (
				81E6DF412388A08900BA31A6 /* Debug */,
				81E6DF422388A08900BA31A6 /* Release */,
			);
			defaultConfigurationIsVisible = 0;
			defaultConfigurationName = Release;
		};
/* End XCConfigurationList section */
	};
	rootObject = 81E6DF262388A08700BA31A6 /* Project object */;
}
